schema: '2.0'
stages:
  generate_data:
    cmd: python src/generate_data.py
    deps:
    - path: src/generate_data.py
      hash: md5
      md5: 3417688dbae146f8e772c7225db9c551
      size: 779
    params:
      params.yaml:
        data.n_features: 20
        data.n_informative: 8
        data.n_redundant: 4
        data.n_samples: 5000
        data.weights:
        - 0.7
        - 0.3
        seed: 1
    outs:
    - path: data/raw.npz
      hash: md5
      md5: ad26ca9b765cb82f3e9eea05f339f3ff
      size: 840490
  split:
    cmd: python src/split.py
    deps:
    - path: data/raw.npz
      hash: md5
      md5: ad26ca9b765cb82f3e9eea05f339f3ff
      size: 840490
    - path: src/split.py
      hash: md5
      md5: c89df37682f2c75981868a67f1a5646f
      size: 838
    params:
      params.yaml:
        data.test_size: 0.25
        seed: 1
    outs:
    - path: data/X_test.npy
      hash: md5
      md5: a0a4ae87bed7a223be172f2e304d540a
      size: 200128
    - path: data/X_train.npy
      hash: md5
      md5: 741fa92f19846ab65ce8a7c7cbc5f77a
      size: 600128
    - path: data/y_test.npy
      hash: md5
      md5: fd96236d3264d89854da5cc63da2f271
      size: 10128
    - path: data/y_train.npy
      hash: md5
      md5: 8ad16d7d4a93868459ce192e7a04a5ed
      size: 30128
  train:
    cmd: python src/train_rf.py
    deps:
    - path: data/X_test.npy
      hash: md5
      md5: a0a4ae87bed7a223be172f2e304d540a
      size: 200128
    - path: data/X_train.npy
      hash: md5
      md5: 741fa92f19846ab65ce8a7c7cbc5f77a
      size: 600128
    - path: data/y_test.npy
      hash: md5
      md5: fd96236d3264d89854da5cc63da2f271
      size: 10128
    - path: data/y_train.npy
      hash: md5
      md5: 8ad16d7d4a93868459ce192e7a04a5ed
      size: 30128
    - path: src/train_rf.py
      hash: md5
      md5: 42eecdb5e646e68e3acf56abbfb0d8dd
      size: 2394
    params:
      params.yaml:
        mlflow.experiment: dvc-rf
        mlflow.tracking_uri: file:./mlruns
        rf.max_depth: 12
        rf.n_estimators: 300
        seed: 1
    outs:
    - path: models/rf.pkl
      hash: md5
      md5: 6aa71657dfa8b5f59eac14f40a8b9e03
      size: 9886265
    - path: reports/metrics.json
      hash: md5
      md5: 93b6bd29d43a41faa69f55ca497c86ac
      size: 83
